#MicroXplorer Configuration settings - do not modify
PF7.GPIOParameters=GPIO_Label
FREERTOS.Queues01=Queue_EEPROM_read,5,EEPROM_data_struct,0,Dynamic,NULL,NULL;Queue_EEPROM_write,5,EEPROM_data_struct,0,Dynamic,NULL,NULL;Queue_error_snapshot_dump,5,Error_Code,0,Dynamic,NULL,NULL;Queue_diagnostic_snapshot_dump,5,Diagnostic_Snapshot_struct,0,Dynamic,NULL,NULL
PB13.GPIOParameters=GPIO_Label
PF4.Mode=IN14
PH0-OSC_IN.Signal=RCC_OSC_IN
VP_SYS_VS_tim6.Mode=TIM6
PI7.GPIOParameters=GPIO_Label
NVIC.I2C1_EV_IRQn=true\:5\:0\:false\:false\:true\:true\:true\:true
FATFS0.BSP.api=Unknown
VP_ADC1_TempSens_Input.Mode=IN-TempSens
NVIC.TIM6_DAC_IRQn=true\:0\:0\:false\:false\:true\:false\:false\:true
VP_FATFS_VS_SDIO.Mode=SDIO
TIM1.IPParameters=EncoderMode,IC1Filter,IC2Filter,Prescaler
PG4.Signal=GPXTI4
PG8.Signal=GPXTI8
PG4.Locked=true
PG8.Locked=true
ADC1.SamplingTime-6\#ChannelRegularConversion=ADC_SAMPLETIME_480CYCLES
NVIC.DMA1_Stream2_IRQn=true\:5\:0\:false\:false\:true\:true\:false\:true
RCC.PLLCLKFreq_Value=168000000
PC12.Signal=SDIO_CK
PG6.GPIO_Label=RPM_SIGNAL
RCC.PLLQCLKFreq_Value=48000000
PC3.Locked=true
PI11.Locked=true
RCC.RTCFreq_Value=32000
PA3.GPIOParameters=GPIO_Label
PA6.GPIO_Label=RESISTANCE_SENSOR_2
PB6.GPIO_Label=GPS_USART1_TX
PD0.Locked=true
SH.S_TIM1_CH1.ConfNb=1
USART1.IPParameters=VirtualMode,BaudRate
ADC1.SamplingTime-12\#ChannelRegularConversion=ADC_SAMPLETIME_480CYCLES
PB13.Signal=GPIO_Input
PG13.Signal=GPIO_Output
PA2.GPIOParameters=GPIO_Label
PinOutPanel.RotationAngle=0
PF6.GPIO_Label=AUXILIARY_BATTERY 
ADC1.Channel-8\#ChannelRegularConversion=ADC_CHANNEL_1
RCC.SYSCLKSource=RCC_SYSCLKSOURCE_PLLCLK
ADC3.Channel-8\#ChannelRegularConversion=ADC_CHANNEL_8
NVIC.SVCall_IRQn=true\:0\:0\:false\:false\:false\:false\:false\:false
FREERTOS.configENABLE_FPU=1
PH5.Signal=GPIO_Output
PG15.GPIO_Label=POWER_ON_GPS
ADC1.Channel-5\#ChannelRegularConversion=ADC_CHANNEL_6
PF7.Signal=ADC3_IN5
VP_FATFS_VS_SDIO.Signal=FATFS_VS_SDIO
ADC3.Rank-7\#ChannelRegularConversion=8
ADC1.Rank-11\#ChannelRegularConversion=12
RCC.APB2TimFreq_Value=168000000
PB6.Signal=USART1_TX
Dma.ADC1.0.Direction=DMA_PERIPH_TO_MEMORY
ADC1.Channel-2\#ChannelRegularConversion=ADC_CHANNEL_5
PB6.Mode=Asynchronous
PC3.Signal=ADCx_IN13
PD0.Signal=GPIO_Output
ADC3.ScanConvMode=ENABLE
Dma.ADC1.0.MemDataAlignment=DMA_MDATAALIGN_HALFWORD
Dma.I2C2_TX.2.Direction=DMA_MEMORY_TO_PERIPH
PF10.GPIO_Label=LM35_2_N
PB13.Locked=true
FATFS0.BSP.ip=GPIO
ProjectManager.ProjectBuild=false
Dma.I2C2_TX.2.Priority=DMA_PRIORITY_LOW
PG13.Locked=true
NVIC.UsageFault_IRQn=true\:0\:0\:false\:false\:true\:false\:false\:false
PB3.Mode=Trace_Asynchronous_SW
ADC1.ScanConvMode=ENABLE
PA8.Locked=true
FATFS0.BSP.i2caddr=0
PA4.Locked=true
ADC3.SamplingTime-2\#ChannelRegularConversion=ADC_SAMPLETIME_480CYCLES
PF1.GPIO_Label=LCD_I2C2_SCL
SH.ADCx_IN14.ConfNb=1
SH.ADCx_IN15.0=ADC1_IN15,IN15
ProjectManager.FirmwarePackage=STM32Cube FW_F4 V1.26.0
MxDb.Version=DB.6.0.20
PF12.GPIO_Label=OIL_PRESSURE_BINARY
PB0.GPIOParameters=GPIO_Label
PI7.Locked=true
PE0.GPIOParameters=GPIO_Label
PA1.GPIOParameters=GPIO_Label
ProjectManager.BackupPrevious=false
PC4.GPIO_Label=VOLTAGE_5V
Dma.I2C2_RX.3.Priority=DMA_PRIORITY_LOW
SH.ADCx_IN1.ConfNb=1
PB14.Mode=Device_Only_FS
ADC3.SamplingTime-5\#ChannelRegularConversion=ADC_SAMPLETIME_480CYCLES
PB1.GPIO_Label=ACC_POSITION
Dma.ADC1.0.PeriphInc=DMA_PINC_DISABLE
ADC3.ContinuousConvMode=ENABLE
PG4.GPIO_Label=SPEED_SIGNAL
PF10.Locked=true
SH.ADCx_IN8.0=ADC1_IN8,IN8
PC9.Mode=SD_4_bits_Wide_bus
ADC3.IPParameters=Rank-0\#ChannelRegularConversion,Channel-0\#ChannelRegularConversion,SamplingTime-0\#ChannelRegularConversion,NbrOfConversionFlag,ScanConvMode,ContinuousConvMode,EOCSelection,Rank-1\#ChannelRegularConversion,Channel-1\#ChannelRegularConversion,SamplingTime-1\#ChannelRegularConversion,Rank-2\#ChannelRegularConversion,Channel-2\#ChannelRegularConversion,SamplingTime-2\#ChannelRegularConversion,Rank-3\#ChannelRegularConversion,Channel-3\#ChannelRegularConversion,SamplingTime-3\#ChannelRegularConversion,Rank-4\#ChannelRegularConversion,Channel-4\#ChannelRegularConversion,SamplingTime-4\#ChannelRegularConversion,Rank-5\#ChannelRegularConversion,Channel-5\#ChannelRegularConversion,SamplingTime-5\#ChannelRegularConversion,Rank-6\#ChannelRegularConversion,Channel-6\#ChannelRegularConversion,SamplingTime-6\#ChannelRegularConversion,Rank-7\#ChannelRegularConversion,Channel-7\#ChannelRegularConversion,SamplingTime-7\#ChannelRegularConversion,Rank-8\#ChannelRegularConversion,Channel-8\#ChannelRegularConversion,SamplingTime-8\#ChannelRegularConversion,Rank-9\#ChannelRegularConversion,Channel-9\#ChannelRegularConversion,SamplingTime-9\#ChannelRegularConversion,Rank-10\#ChannelRegularConversion,Channel-10\#ChannelRegularConversion,SamplingTime-10\#ChannelRegularConversion,Rank-11\#ChannelRegularConversion,Channel-11\#ChannelRegularConversion,SamplingTime-11\#ChannelRegularConversion,NbrOfConversion,ClockPrescaler
SH.ADCx_IN11.ConfNb=1
PF8.Mode=IN6
PA8.Signal=S_TIM1_CH1
PF2.Locked=true
SH.ADCx_IN4.ConfNb=1
PB6.Locked=true
ADC3.SamplingTime-9\#ChannelRegularConversion=ADC_SAMPLETIME_480CYCLES
NVIC.PendSV_IRQn=true\:15\:0\:false\:false\:false\:true\:false\:false
PF3.Signal=ADC3_IN9
ADC3.Channel-2\#ChannelRegularConversion=ADC_CHANNEL_14
USB_OTG_HS.IPParameters=VirtualMode-Device_Only_FS,dma_enable-Device_Only_FS
VP_FREERTOS_VS_CMSIS_V1.Mode=CMSIS_V1
Dma.I2C2_RX.3.PeriphDataAlignment=DMA_PDATAALIGN_BYTE
ADC3.Rank-4\#ChannelRegularConversion=5
ProjectManager.HalAssertFull=false
ADC1.SamplingTime-0\#ChannelRegularConversion=ADC_SAMPLETIME_480CYCLES
RCC.MCO2PinFreq_Value=168000000
Mcu.Package=LQFP176
PB9.Signal=I2C1_SDA
PF8.GPIOParameters=GPIO_Label
PB1.Signal=ADCx_IN9
PA5.Locked=true
NVIC.TimeBase=TIM6_DAC_IRQn
SH.ADCx_IN14.0=ADC1_IN14,IN14
PG13.GPIOParameters=GPIO_Label
Dma.I2C2_TX.2.FIFOMode=DMA_FIFOMODE_DISABLE
SH.GPXTI8.0=GPIO_EXTI8
USB_DEVICE.VirtualMode-MSC_HS=Msc
FATFS0.BSP.solution=PB13
SH.GPXTI8.ConfNb=1
ADC3.Rank-0\#ChannelRegularConversion=1
NVIC.TimeBaseIP=TIM6
FREERTOS.FootprintOK=true
PA5.GPIOParameters=GPIO_Label
PF7.Locked=true
PC11.Mode=SD_4_bits_Wide_bus
SH.ADCx_IN9.0=ADC1_IN9,IN9
PH2.Signal=GPIO_Output
RCC.APB2CLKDivider=RCC_HCLK_DIV2
Dma.I2C2_RX.3.MemInc=DMA_MINC_ENABLE
RCC.APB1TimFreq_Value=84000000
FREERTOS.configGENERATE_RUN_TIME_STATS=1
NVIC.BusFault_IRQn=true\:0\:0\:false\:false\:true\:false\:false\:false
Dma.ADC1.0.FIFOMode=DMA_FIFOMODE_DISABLE
Dma.I2C2_TX.2.Instance=DMA1_Stream7
PF10.Mode=IN8
SH.ADCx_IN9.ConfNb=1
USB_OTG_FS.IPParameters=VirtualMode
PB10.GPIOParameters=GPIO_Label
PI11.Signal=GPIO_Output
PH8.Mode=I2C
NVIC.USART1_IRQn=true\:5\:0\:false\:false\:true\:true\:true\:true
PA4.GPIO_Label=POTENTIOMETER_2
ADC1.EOCSelection=ADC_EOC_SEQ_CONV
Dma.ADC3.1.Priority=DMA_PRIORITY_LOW
ProjectManager.CustomerFirmwarePackage=
PC4.GPIOParameters=GPIO_Label
PF4.GPIOParameters=GPIO_Label
ADC1.Rank-4\#ChannelRegularConversion=5
PI10.GPIO_Label=DCDC_5V_ENABLE
PA6.GPIOParameters=GPIO_Label
ADC1.Channel-10\#ChannelRegularConversion=ADC_CHANNEL_13
FREERTOS.configTIMER_QUEUE_LENGTH=40
FATFS0.BSP.STBoard=false
NVIC.EXTI4_IRQn=true\:5\:0\:false\:false\:true\:true\:true\:true
Dma.I2C2_TX.2.MemDataAlignment=DMA_MDATAALIGN_BYTE
ProjectManager.ProjectFileName=Body_Computer_V2.ioc
Dma.ADC1.0.Instance=DMA2_Stream0
FREERTOS.Tasks01=My_StartUp_Task,2,128,StartStartUpTask,Default,NULL,Dynamic,NULL,NULL;My_1000ms_Task,0,256,Start1000msTask,As external,NULL,Dynamic,NULL,NULL;My_500ms_Task,0,128,Start500msTask,As external,NULL,Dynamic,NULL,NULL;My_LCD_Task,0,512,StartLCDTask,As external,NULL,Dynamic,NULL,NULL;My_GPS_Task,0,128,StartGPSTask,As external,NULL,Dynamic,NULL,NULL;My_EEPROM_Task,1,128,StartEEPROMTask,As external,NULL,Dynamic,NULL,NULL;My_DumpToEEPROM,-1,128,StartDumpToEEPROMTask,As external,NULL,Dynamic,NULL,NULL;My_DumpToSDCard,-1,1024,StartDumpToSDCardTask,As external,NULL,Dynamic,NULL,NULL;My_Measure_Task,0,256,StartMeasureTask,As external,NULL,Dynamic,NULL,NULL;My_50ms_Task,0,128,Start50msTask,As external,NULL,Dynamic,NULL,NULL;My_DiagCheck_Ta,1,256,StartDiagCheckTask,As external,NULL,Dynamic,NULL,NULL;My_AlarmControl,0,256,StartAlarmControlTask,As external,NULL,Dynamic,NULL,NULL
ADC1.Rank-0\#ChannelRegularConversion=1
Dma.I2C2_TX.2.RequestParameters=Instance,Direction,PeriphInc,MemInc,PeriphDataAlignment,MemDataAlignment,Mode,Priority,FIFOMode
PI10.Locked=true
Mcu.PinsNb=76
ADC3.Rank-10\#ChannelRegularConversion=11
Mcu.Pin73=VP_TIM7_VS_ClockSourceINT
SH.ADCx_IN6.0=ADC1_IN6,IN6
Mcu.Pin74=VP_USB_DEVICE_VS_USB_DEVICE_DFU_FS
Mcu.Pin71=VP_FREERTOS_VS_CMSIS_V1
Mcu.Pin72=VP_SYS_VS_tim6
ADC1.IPParameters=Rank-0\#ChannelRegularConversion,master,Channel-0\#ChannelRegularConversion,SamplingTime-0\#ChannelRegularConversion,NbrOfConversionFlag,ContinuousConvMode,ScanConvMode,EOCSelection,Rank-1\#ChannelRegularConversion,Channel-1\#ChannelRegularConversion,SamplingTime-1\#ChannelRegularConversion,Rank-2\#ChannelRegularConversion,Channel-2\#ChannelRegularConversion,SamplingTime-2\#ChannelRegularConversion,Rank-3\#ChannelRegularConversion,Channel-3\#ChannelRegularConversion,SamplingTime-3\#ChannelRegularConversion,Rank-4\#ChannelRegularConversion,Channel-4\#ChannelRegularConversion,SamplingTime-4\#ChannelRegularConversion,Rank-5\#ChannelRegularConversion,Channel-5\#ChannelRegularConversion,SamplingTime-5\#ChannelRegularConversion,Rank-6\#ChannelRegularConversion,Channel-6\#ChannelRegularConversion,SamplingTime-6\#ChannelRegularConversion,Rank-7\#ChannelRegularConversion,Channel-7\#ChannelRegularConversion,SamplingTime-7\#ChannelRegularConversion,Rank-8\#ChannelRegularConversion,Channel-8\#ChannelRegularConversion,SamplingTime-8\#ChannelRegularConversion,Rank-9\#ChannelRegularConversion,Channel-9\#ChannelRegularConversion,SamplingTime-9\#ChannelRegularConversion,Rank-10\#ChannelRegularConversion,Channel-10\#ChannelRegularConversion,SamplingTime-10\#ChannelRegularConversion,Rank-11\#ChannelRegularConversion,Channel-11\#ChannelRegularConversion,SamplingTime-11\#ChannelRegularConversion,Rank-12\#ChannelRegularConversion,Channel-12\#ChannelRegularConversion,SamplingTime-12\#ChannelRegularConversion,NbrOfConversion,ClockPrescaler
Mcu.Pin75=VP_USB_DEVICE_VS_USB_DEVICE_MSC_HS
PA9.GPIO_Label=ENCODER_1_B
ADC3.Rank-6\#ChannelRegularConversion=7
FATFS0.BSP.mode=Input
FREERTOS.INCLUDE_vTaskDelayUntil=1
FREERTOS.configCHECK_FOR_STACK_OVERFLOW=1
Mcu.Pin70=VP_FATFS_VS_SDIO
PC2.Signal=ADCx_IN12
PB11.GPIO_Label=EEPROM_WP1
VP_USB_DEVICE_VS_USB_DEVICE_DFU_FS.Signal=USB_DEVICE_VS_USB_DEVICE_DFU_FS
NVIC.DMA2_Stream1_IRQn=true\:5\:0\:false\:false\:true\:true\:false\:true
Mcu.Pin68=PI7
Mcu.Pin69=VP_ADC1_TempSens_Input
PC0.Signal=ADCx_IN10
RCC.APB1CLKDivider=RCC_HCLK_DIV4
Mcu.Pin62=PB6
USB_OTG_HS.VirtualMode-Device_Only_FS=Device_Only_FS
PG13.GPIO_Label=POWER_ON_NODEMCU
Mcu.Pin63=PB7
VP_USB_DEVICE_VS_USB_DEVICE_MSC_HS.Mode=MSC_HS
Mcu.Pin60=PG15
Mcu.Pin61=PB3
Mcu.Pin66=PE0
Mcu.Pin67=PI5
Mcu.Pin64=PB8
PA0-WKUP.GPIO_Label=LM35_5_P
Mcu.Pin65=PB9
PA0-WKUP.Signal=ADCx_IN0
ADC1.Channel-7\#ChannelRegularConversion=ADC_CHANNEL_9
PF8.GPIO_Label=LM35_3_N
PC3.GPIOParameters=GPIO_Label
SH.GPXTI6.ConfNb=1
PF1.Mode=I2C
PB8.GPIO_Label=FRAM_I2C1_SCL
PA8.GPIO_Label=ENCODER_1_A
Mcu.Pin59=PG13
Mcu.Pin57=PD0
Mcu.Pin58=PD2
PH4.Locked=true
Mcu.Pin51=PA12
Mcu.Pin52=PA13
SH.ADCx_IN7.0=ADC1_IN7,IN7
Mcu.Pin50=PA11
Mcu.Pin55=PC11
ADC3.SamplingTime-6\#ChannelRegularConversion=ADC_SAMPLETIME_480CYCLES
Mcu.Pin56=PC12
Mcu.Pin53=PA14
Mcu.Pin54=PC10
Dma.ADC1.0.Priority=DMA_PRIORITY_LOW
PA9.Signal=S_TIM1_CH2
VP_USB_DEVICE_VS_USB_DEVICE_MSC_HS.Signal=USB_DEVICE_VS_USB_DEVICE_MSC_HS
PB11.GPIOParameters=GPIO_Label
ADC3.NbrOfConversion=12
Dma.ADC3.1.FIFOMode=DMA_FIFOMODE_DISABLE
Mcu.Pin48=PA8
Mcu.Pin49=PA9
Mcu.Pin46=PC8
Mcu.Pin47=PC9
Dma.ADC3.1.Instance=DMA2_Stream1
PB10.Signal=GPIO_Output
PF3.GPIOParameters=GPIO_Label
ADC3.Rank-9\#ChannelRegularConversion=10
PG6.GPIOParameters=GPIO_Label,GPIO_ModeDefaultEXTI
PB14.Signal=USB_OTG_HS_DM
FATFS.BSP.number=1
PA5.Signal=ADCx_IN5
Mcu.Pin40=PB13
Mcu.Pin41=PB14
Mcu.Pin44=PG6
PC12.Mode=SD_4_bits_Wide_bus
Mcu.Pin45=PG8
Mcu.Pin42=PB15
Mcu.Pin43=PG4
ADC1.Rank-12\#ChannelRegularConversion=13
ProjectManager.LastFirmware=true
PF2.GPIOParameters=GPIO_Label
PI7.Signal=GPIO_Output
VP_SYS_VS_tim6.Signal=SYS_VS_tim6
ADC3.Channel-5\#ChannelRegularConversion=ADC_CHANNEL_4
Mcu.Pin37=PB11
Mcu.Pin38=PH7
Mcu.Pin35=PF12
Mcu.Pin36=PB10
SH.ADCx_IN0.ConfNb=1
Mcu.Pin39=PH8
FATFS0.BSP.i2creg=
PC2.GPIOParameters=GPIO_Label
PF4.GPIO_Label=DCDC_5V
VP_ADC1_TempSens_Input.Signal=ADC1_TempSens_Input
Mcu.Pin30=PA7
PA1.GPIO_Label=LM35_4_N
Dma.ADC3.1.MemDataAlignment=DMA_MDATAALIGN_HALFWORD
RCC.EthernetFreq_Value=168000000
TIM1.IC2Filter=15
PF12.Locked=true
SH.ADCx_IN12.ConfNb=1
Mcu.Pin33=PB0
Mcu.Pin34=PB1
Mcu.Pin31=PC4
SH.ADCx_IN4.0=ADC1_IN4,IN4
Mcu.Pin32=PC5
PA9.Locked=true
Dma.ADC3.1.PeriphInc=DMA_PINC_DISABLE
NVIC.NonMaskableInt_IRQn=true\:0\:0\:false\:false\:true\:false\:false\:false
FREERTOS.configUSE_MUTEXES=0
ADC1.SamplingTime-10\#ChannelRegularConversion=ADC_SAMPLETIME_480CYCLES
ADC1.Rank-9\#ChannelRegularConversion=10
ADC3.Rank-5\#ChannelRegularConversion=6
PA13.Mode=Trace_Asynchronous_SW
ProjectManager.FreePins=false
PF9.GPIOParameters=GPIO_Label
ADC3.Channel-1\#ChannelRegularConversion=ADC_CHANNEL_9
Mcu.Pin26=PA3
Mcu.Pin27=PA4
RCC.RTCHSEDivFreq_Value=8000000
Mcu.Pin24=PH4
ProjectManager.UnderRoot=true
Mcu.Pin25=PH5
Mcu.Pin28=PA5
Mcu.Pin29=PA6
PC8.Mode=SD_4_bits_Wide_bus
ADC3.Rank-1\#ChannelRegularConversion=2
PA4.Signal=ADCx_IN4
ADC1.SamplingTime-1\#ChannelRegularConversion=ADC_SAMPLETIME_480CYCLES
Mcu.Pin22=PH2
Mcu.Pin23=PH3
PG15.GPIOParameters=GPIO_Label
Mcu.Pin20=PA1
ADC1.master=1
PA3.Locked=true
Mcu.Pin21=PA2
PA5.GPIO_Label=POTENTIOMETER_1
TIM1.IC1Filter=15
NVIC.ForceEnableDMAVector=true
NVIC.MemoryManagement_IRQn=true\:0\:0\:false\:false\:true\:false\:false\:false
USART1.VirtualMode=VM_ASYNC
ProjectManager.CompilerOptimize=6
ADC1.Rank-1\#ChannelRegularConversion=2
PA11.Signal=USB_OTG_FS_DM
ProjectManager.HeapSize=0x200
Mcu.Pin15=PC0
NVIC.HardFault_IRQn=true\:0\:0\:false\:false\:true\:false\:false\:false
Mcu.Pin16=PC1
PH5.Locked=true
ADC3.EOCSelection=ADC_EOC_SEQ_CONV
Mcu.Pin13=PH0-OSC_IN
PF8.Locked=true
Mcu.Pin14=PH1-OSC_OUT
PF10.GPIOParameters=GPIO_Label
Mcu.Pin19=PA0-WKUP
ADC1.SamplingTime-5\#ChannelRegularConversion=ADC_SAMPLETIME_480CYCLES
PF6.Mode=IN4
ProjectManager.ComputerToolchain=false
PF9.Signal=ADC3_IN7
Mcu.Pin17=PC2
FREERTOS.Timers01=My_Timer_ENC_Menu_Button,ENC_Menu_Button_LongPress_Callback,osTimerOnce,Default,NULL,Dynamic,NULL;My_Timer_ENC_Cruise_Button,ENC_Cruise_Button_LongPress_Callback,osTimerOnce,Default,NULL,Dynamic,NULL;My_Timer_carWaterTempValueCheck,Timer_carWaterTempValueCheck,osTimerOnce,As external,NULL,Dynamic,NULL;My_Timer_carOilTempValueCheck,Timer_carOilTempValueCheck,osTimerOnce,As external,NULL,Dynamic,NULL;My_Timer_carOilAnalogPressureValueCheck,Timer_carOilAnalogPressureValueCheck,osTimerOnce,As external,NULL,Dynamic,NULL;My_Timer_carMainBattVoltageValueCheck,Timer_carMainBattVoltageValueCheck,osTimerOnce,As external,NULL,Dynamic,NULL;My_Timer_carFuelLevelValueCheck,Timer_carFuelLevelValueCheck,osTimerOnce,As external,NULL,Dynamic,NULL;My_Timer_board3V3VoltageValueCheck,Timer_board3V3VoltageValueCheck,osTimerOnce,As external,NULL,Dynamic,NULL;My_Timer_board5VVoltageValueCheck,Timer_board5VVoltageValueCheck,osTimerOnce,As external,NULL,Dynamic,NULL;My_Timer_boardVinVoltageValueCheck,Timer_boardVinVoltageValueCheck,osTimerOnce,As external,NULL,Dynamic,NULL;My_Timer_board3V3TempValueCheck,Timer_board3V3TempValueCheck,osTimerOnce,As external,NULL,Dynamic,NULL;My_Timer_board5VTempValueCheck,Timer_board5VTempValueCheck,osTimerOnce,As external,NULL,Dynamic,NULL;My_Timer_boardHBridgeTempValueCheck,Timer_boardHBridgeTempValueCheck,osTimerOnce,As external,NULL,Dynamic,NULL;My_Timer_carOilBinaryPressureValueCheck,Timer_carOilBinaryPressureValueCheck,osTimerOnce,As external,NULL,Dynamic,NULL;My_Timer_Buzzer,Timer_Buzzer,osTimerOnce,As external,NULL,Dynamic,NULL;My_Timer_carAuxBattVoltageValueCheck,Timer_carAuxBattVoltageValueCheck,osTimerOnce,As external,NULL,Dynamic,NULL
Mcu.Pin18=PC3
SH.ADCx_IN5.0=ADC1_IN5,IN5
NVIC.PriorityGroup=NVIC_PRIORITYGROUP_4
Mcu.Pin11=PF9
PF0.GPIO_Label=LCD_I2C2_SDA
Mcu.Pin12=PF10
PD0.GPIOParameters=GPIO_Label
PB8.Mode=I2C
Mcu.Pin10=PF8
PI11.GPIO_Label=BUZZER
PC3.GPIO_Label=LM35_5_N
PF3.Locked=true
PF4.Signal=ADC3_IN14
SH.ADCx_IN5.ConfNb=1
ADC1.SamplingTime-9\#ChannelRegularConversion=ADC_SAMPLETIME_480CYCLES
PD2.Signal=SDIO_CMD
PB0.Signal=ADCx_IN8
PA7.GPIOParameters=GPIO_Label
PC0.Locked=true
ADC1.Rank-5\#ChannelRegularConversion=6
PC1.Signal=ADCx_IN11
PH2.GPIO_Label=DIAG_LED_1
FATFS0.BSP.name=Detect_SDIO
PG15.Locked=true
Mcu.Family=STM32F4
NVIC.OTG_HS_IRQn=true\:5\:0\:false\:false\:true\:true\:false\:true
ProjectManager.MainLocation=Core/Src
USB_DEVICE.CLASS_NAME_FS=DFU
RCC.CortexFreq_Value=168000000
PG6.Signal=GPXTI6
PI10.GPIOParameters=GPIO_Label
ProjectManager.KeepUserCode=true
Mcu.UserName=STM32F407IGTx
FATFS0.BSP.semaphore=
ADC1.ContinuousConvMode=ENABLE
ADC3.Channel-3\#ChannelRegularConversion=ADC_CHANNEL_15
ADC3.SamplingTime-7\#ChannelRegularConversion=ADC_SAMPLETIME_480CYCLES
ADC3.Channel-11\#ChannelRegularConversion=ADC_CHANNEL_7
USART1.BaudRate=9600
SH.ADCx_IN2.0=ADC1_IN2,IN2
PG6.Locked=true
PC10.Signal=SDIO_D2
ADC3.SamplingTime-11\#ChannelRegularConversion=ADC_SAMPLETIME_480CYCLES
PC5.Locked=true
PF0.GPIOParameters=GPIO_Label
ProjectManager.functionlistsort=1-MX_GPIO_Init-GPIO-false-HAL-true,2-MX_DMA_Init-DMA-false-HAL-true,3-SystemClock_Config-RCC-false-HAL-false,4-MX_ADC1_Init-ADC1-false-HAL-true,5-MX_ADC3_Init-ADC3-false-HAL-true,6-MX_I2C2_Init-I2C2-false-HAL-true,7-MX_SDIO_SD_Init-SDIO-false-HAL-true,8-MX_I2C3_Init-I2C3-false-HAL-true,9-MX_USART1_UART_Init-USART1-false-HAL-true,10-MX_USB_DEVICE_Init-USB_DEVICE-false-HAL-false,11-MX_I2C1_Init-I2C1-false-HAL-true,12-MX_FATFS_Init-FATFS-false-HAL-false,13-MX_TIM1_Init-TIM1-false-HAL-true,14-MX_TIM7_Init-TIM7-false-HAL-true
PC0.GPIOParameters=GPIO_Label
PA9.GPIOParameters=GPIO_Label
PC0.GPIO_Label=LM35_2_P
PD0.GPIO_Label=POWER_ON_MICROSD
TIM1.EncoderMode=TIM_ENCODERMODE_TI12
PA11.Mode=Device_Only
PB0.GPIO_Label=FUEL_LEVEL
PH5.GPIO_Label=DIAG_LED_4
PI5.GPIO_Label=FAN_BOARD
PC1.Locked=true
PB13.GPIO_Label=MICROSD_DETECT
PB11.Signal=GPIO_Output
PB15.Signal=USB_OTG_HS_DP
VP_USB_DEVICE_VS_USB_DEVICE_DFU_FS.Mode=DFU_FS
ADC3.Channel-0\#ChannelRegularConversion=ADC_CHANNEL_3
PF12.GPIOParameters=GPIO_Label
PH5.GPIOParameters=GPIO_Label
PG15.Signal=GPIO_Output
ADC3.Rank-2\#ChannelRegularConversion=3
ProjectManager.StackSize=0x400
PI11.GPIOParameters=GPIO_Label
ADC3.Channel-6\#ChannelRegularConversion=ADC_CHANNEL_11
VP_TIM7_VS_ClockSourceINT.Mode=Enable_Timer
ADC3.SamplingTime-4\#ChannelRegularConversion=ADC_SAMPLETIME_480CYCLES
Mcu.IP4=FREERTOS
Mcu.IP5=I2C1
RCC.FCLKCortexFreq_Value=168000000
Mcu.IP2=DMA
Dma.ADC3.1.PeriphDataAlignment=DMA_PDATAALIGN_HALFWORD
Mcu.IP3=FATFS
Mcu.IP0=ADC1
Mcu.IP1=ADC3
PH4.GPIOParameters=GPIO_Label
PA12.Signal=USB_OTG_FS_DP
TIM1.Prescaler=0
PF9.Locked=true
Mcu.UserConstants=
PH3.Locked=true
PF1.GPIOParameters=GPIO_Label
PC1.GPIOParameters=GPIO_Label
PF5.Locked=true
Mcu.ThirdPartyNb=0
ADC1.Channel-3\#ChannelRegularConversion=ADC_CHANNEL_4
FREERTOS.configUSE_STATS_FORMATTING_FUNCTIONS=1
RCC.HCLKFreq_Value=168000000
SH.ADCx_IN3.0=ADC3_IN3,IN3
Mcu.IPNb=18
RCC.I2SClocksFreq_Value=192000000
ProjectManager.PreviousToolchain=
RCC.VcooutputI2S=192000000
PG8.GPIOParameters=GPIO_Label
PF12.Signal=GPIO_Input
SH.ADCx_IN3.ConfNb=1
SH.ADCx_IN7.ConfNb=1
PA8.GPIOParameters=GPIO_Label
FREERTOS.configUSE_MALLOC_FAILED_HOOK=1
Mcu.Pin6=PF4
TIM7.Period=4199
Mcu.Pin7=PF5
NVIC.DMA2_Stream0_IRQn=true\:5\:0\:false\:false\:true\:true\:false\:true
Mcu.Pin8=PF6
Mcu.Pin9=PF7
FREERTOS.IPParameters=Tasks01,configENABLE_FPU,configUSE_MUTEXES,configENABLE_BACKWARD_COMPATIBILITY,configRECORD_STACK_HIGH_ADDRESS,configUSE_MALLOC_FAILED_HOOK,configCHECK_FOR_STACK_OVERFLOW,configGENERATE_RUN_TIME_STATS,configUSE_TRACE_FACILITY,configUSE_STATS_FORMATTING_FUNCTIONS,configUSE_TIMERS,configTIMER_QUEUE_LENGTH,INCLUDE_vTaskDelayUntil,INCLUDE_uxTaskGetStackHighWaterMark,FootprintOK,Queues01,Timers01,configTOTAL_HEAP_SIZE
RCC.AHBFreq_Value=168000000
PH0-OSC_IN.Mode=HSE-External-Oscillator
Mcu.Pin0=PI10
Mcu.Pin1=PI11
GPIO.groupedBy=Group By Peripherals
Mcu.Pin2=PF0
Mcu.Pin3=PF1
Mcu.Pin4=PF2
PA0-WKUP.GPIOParameters=GPIO_Label
Mcu.Pin5=PF3
ADC3.SamplingTime-1\#ChannelRegularConversion=ADC_SAMPLETIME_480CYCLES
ADC1.Channel-0\#ChannelRegularConversion=ADC_CHANNEL_14
I2C3.IPParameters=I2C_Mode
RCC.HSE_VALUE=16000000
FREERTOS.configUSE_TIMERS=1
NVIC.DebugMonitor_IRQn=true\:0\:0\:false\:false\:true\:false\:false\:false
Mcu.IP10=SDIO
NVIC.SysTick_IRQn=true\:15\:0\:false\:false\:false\:true\:false\:true
Mcu.IP12=TIM1
Mcu.IP11=SYS
FREERTOS.configENABLE_BACKWARD_COMPATIBILITY=0
ADC1.SamplingTime-4\#ChannelRegularConversion=ADC_SAMPLETIME_480CYCLES
NVIC.I2C3_EV_IRQn=true\:5\:0\:false\:false\:true\:true\:true\:true
Mcu.IP17=USB_OTG_HS
ADC1.Channel-6\#ChannelRegularConversion=ADC_CHANNEL_8
VP_TIM7_VS_ClockSourceINT.Signal=TIM7_VS_ClockSourceINT
ADC1.Rank-2\#ChannelRegularConversion=3
Mcu.IP14=USART1
PF9.Mode=IN7
ADC3.Channel-9\#ChannelRegularConversion=ADC_CHANNEL_10
Mcu.IP13=TIM7
Mcu.IP16=USB_OTG_FS
Mcu.IP15=USB_DEVICE
PF7.GPIO_Label=MAIN_BATTERY
ADC3.Rank-8\#ChannelRegularConversion=9
RCC.VCOInputFreq_Value=2000000
PI5.Locked=true
Dma.I2C2_TX.2.MemInc=DMA_MINC_ENABLE
PH7.GPIO_Label=EEPROM_I2C3_SCL
PA14.Mode=Trace_Asynchronous_SW
PI5.Signal=GPIO_Output
PG6.GPIO_ModeDefaultEXTI=GPIO_MODE_IT_FALLING
File.Version=6
SH.ADCx_IN13.ConfNb=1
PH3.GPIOParameters=GPIO_Label
PB7.Signal=USART1_RX
SH.ADCx_IN0.0=ADC1_IN0,IN0
SH.ADCx_IN6.ConfNb=1
Dma.RequestsNb=4
PB6.GPIOParameters=GPIO_Label
Dma.ADC3.1.RequestParameters=Instance,Direction,PeriphInc,MemInc,PeriphDataAlignment,MemDataAlignment,Mode,Priority,FIFOMode
PB0.Locked=true
FREERTOS.configTOTAL_HEAP_SIZE=32768
ProjectManager.ProjectName=Body_Computer_V2
PH7.Mode=I2C
NVIC.DMA1_Stream7_IRQn=true\:5\:0\:false\:false\:true\:true\:false\:true
PH1-OSC_OUT.Mode=HSE-External-Oscillator
PB7.GPIO_Label=GPS_USART1_RX
ADC1.SamplingTime-11\#ChannelRegularConversion=ADC_SAMPLETIME_480CYCLES
PA6.Signal=ADCx_IN6
Dma.ADC3.1.Direction=DMA_PERIPH_TO_MEMORY
PA7.Locked=true
Dma.I2C2_RX.3.Direction=DMA_PERIPH_TO_MEMORY
NVIC.OTG_FS_IRQn=true\:5\:0\:false\:false\:true\:true\:false\:true
ProjectManager.ToolChainLocation=
PA2.GPIO_Label=LM35_4_P
RCC.LSI_VALUE=32000
ADC1.Channel-11\#ChannelRegularConversion=ADC_CHANNEL_0
PF5.GPIO_Label=H_BRIDGE_DRIVER
USB_OTG_FS.VirtualMode=Device_Only
USB_DEVICE.CLASS_NAME_HS=MSC
PF8.Signal=ADC3_IN6
PE0.GPIO_Label=FRAM_WP
ADC3.ClockPrescaler=ADC_CLOCK_SYNC_PCLK_DIV4
PF5.Signal=ADC3_IN15
PH3.GPIO_Label=DIAG_LED_2
PG4.GPIO_ModeDefaultEXTI=GPIO_MODE_IT_FALLING
PF4.Locked=true
USB_DEVICE.VirtualModeHS=Msc_HS
PH7.Signal=I2C3_SCL
SH.ADCx_IN1.0=ADC1_IN1,IN1
Dma.I2C2_RX.3.Mode=DMA_NORMAL
Dma.Request2=I2C2_TX
Dma.Request1=ADC3
Dma.Request3=I2C2_RX
PC4.Locked=true
PC5.Signal=ADCx_IN15
PF0.Signal=I2C2_SDA
USB_OTG_HS.dma_enable-Device_Only_FS=ENABLE
ADC1.Rank-6\#ChannelRegularConversion=7
Dma.Request0=ADC1
PF3.GPIO_Label=DCDC_3V3
ADC1.SamplingTime-8\#ChannelRegularConversion=ADC_SAMPLETIME_480CYCLES
PC2.GPIO_Label=LM35_1_P
NVIC.TIM7_IRQn=true\:5\:0\:false\:false\:true\:true\:true\:true
PA3.Signal=ADCx_IN3
PA2.Locked=true
ADC3.Channel-7\#ChannelRegularConversion=ADC_CHANNEL_12
I2C3.I2C_Mode=I2C_Standard
ADC3.SamplingTime-3\#ChannelRegularConversion=ADC_SAMPLETIME_480CYCLES
PH8.GPIOParameters=GPIO_Label
SH.ADCx_IN13.0=ADC1_IN13,IN13
PB8.GPIOParameters=GPIO_Label
PF3.Mode=IN9
PB9.GPIO_Label=FRAM_I2C1_SDA
ADC1.Channel-4\#ChannelRegularConversion=ADC_CHANNEL_7
ADC1.Rank-10\#ChannelRegularConversion=11
Dma.I2C2_RX.3.Instance=DMA1_Stream2
ProjectManager.NoMain=false
USB_DEVICE.VirtualModeFS=Dfu_FS
NVIC.SavedSvcallIrqHandlerGenerated=true
ADC1.Rank-8\#ChannelRegularConversion=9
PC11.Signal=SDIO_D3
PC8.Signal=SDIO_D0
PC4.Signal=ADCx_IN14
PC10.Mode=SD_4_bits_Wide_bus
Dma.I2C2_TX.2.Mode=DMA_NORMAL
Dma.I2C2_RX.3.PeriphInc=DMA_PINC_DISABLE
ProjectManager.DefaultFWLocation=true
PI10.Signal=GPIO_Output
ADC3.SamplingTime-10\#ChannelRegularConversion=ADC_SAMPLETIME_480CYCLES
Dma.I2C2_RX.3.RequestParameters=Instance,Direction,PeriphInc,MemInc,PeriphDataAlignment,MemDataAlignment,Mode,Priority,FIFOMode
ProjectManager.DeletePrevious=true
ADC3.Rank-3\#ChannelRegularConversion=4
PB10.Locked=true
USB_DEVICE.IPParameters=VirtualMode-MSC_HS,VirtualModeHS,CLASS_NAME_HS,VirtualMode-DFU_FS,VirtualModeFS,CLASS_NAME_FS
PF5.Mode=IN15
ADC1.SamplingTime-2\#ChannelRegularConversion=ADC_SAMPLETIME_480CYCLES
RCC.FamilyName=M
PA0-WKUP.Locked=true
FREERTOS.INCLUDE_uxTaskGetStackHighWaterMark=1
PB9.GPIOParameters=GPIO_Label
FATFS0.BSP.instance=PB13
SH.GPXTI6.0=GPIO_EXTI6
PG8.GPIO_Label=ENCODER_1_BUTTON
FATFS.IPParameters=USE_DMA_CODE_SD
PA13.Signal=SYS_JTMS-SWDIO
Dma.I2C2_RX.3.MemDataAlignment=DMA_MDATAALIGN_BYTE
PF7.Mode=IN5
VP_FREERTOS_VS_CMSIS_V1.Signal=FREERTOS_VS_CMSIS_V1
PH8.GPIO_Label=EEPROM_I2C3_SDA
Dma.ADC1.0.PeriphDataAlignment=DMA_PDATAALIGN_HALFWORD
SH.ADCx_IN12.0=ADC3_IN12,IN12
ADC3.SamplingTime-0\#ChannelRegularConversion=ADC_SAMPLETIME_480CYCLES
SH.S_TIM1_CH1.0=TIM1_CH1,Encoder_Interface
PH7.GPIOParameters=GPIO_Label
PH4.Signal=GPIO_Output
Dma.I2C2_TX.2.PeriphDataAlignment=DMA_PDATAALIGN_BYTE
PF6.Signal=ADC3_IN4
FREERTOS.configRECORD_STACK_HIGH_ADDRESS=1
ProjectManager.TargetToolchain=STM32CubeIDE
ADC3.Channel-4\#ChannelRegularConversion=ADC_CHANNEL_5
PB10.GPIO_Label=EEPROM_WP2
FATFS0.BSP.condition=
FREERTOS.configUSE_TRACE_FACILITY=1
PF6.Locked=true
Dma.ADC1.0.Mode=DMA_CIRCULAR
PH8.Signal=I2C3_SDA
PB7.GPIOParameters=GPIO_Label
PC5.GPIOParameters=GPIO_Label
PB9.Mode=I2C
ADC1.Channel-1\#ChannelRegularConversion=ADC_CHANNEL_15
PF2.Signal=GPIO_Output
PC2.Locked=true
ProjectManager.RegisterCallBack=
PE0.Locked=true
Dma.I2C2_RX.3.FIFOMode=DMA_FIFOMODE_DISABLE
PF5.GPIOParameters=GPIO_Label
PF9.GPIO_Label=LM35_3_P
PI5.GPIOParameters=GPIO_Label
PH2.GPIOParameters=GPIO_Label
RCC.LSE_VALUE=32768
PA1.Signal=ADCx_IN1
PB1.Locked=true
SH.S_TIM1_CH2.ConfNb=1
RCC.VCOI2SOutputFreq_Value=384000000
PD2.Mode=SD_4_bits_Wide_bus
board=custom
Dma.I2C2_TX.2.PeriphInc=DMA_PINC_DISABLE
RCC.VCOOutputFreq_Value=336000000
PH4.GPIO_Label=DIAG_LED_3
PB15.Mode=Device_Only_FS
Dma.ADC1.0.RequestParameters=Instance,Direction,PeriphInc,MemInc,PeriphDataAlignment,MemDataAlignment,Mode,Priority,FIFOMode
FATFS.USE_DMA_CODE_SD=1
ADC1.Channel-12\#ChannelRegularConversion=ADC_CHANNEL_TEMPSENSOR
NVIC.SavedSystickIrqHandlerGenerated=true
RCC.APB2Freq_Value=84000000
SH.ADCx_IN11.0=ADC3_IN11,IN11
TIM7.IPParameters=Period
MxCube.Version=6.2.0
PG4.GPIOParameters=GPIO_Label,GPIO_ModeDefaultEXTI
USB_DEVICE.VirtualMode-DFU_FS=Dfu
SH.S_TIM1_CH2.0=TIM1_CH2,Encoder_Interface
PF10.Signal=ADC3_IN8
SH.ADCx_IN2.ConfNb=1
SH.ADCx_IN10.ConfNb=1
PC1.GPIO_Label=LM35_1_N
PH1-OSC_OUT.Signal=RCC_OSC_OUT
SH.ADCx_IN15.ConfNb=1
PI7.GPIO_Label=POWER_ON_CRUISE_CONTROL
Dma.ADC3.1.MemInc=DMA_MINC_ENABLE
ADC3.SamplingTime-8\#ChannelRegularConversion=ADC_SAMPLETIME_480CYCLES
PA4.GPIOParameters=GPIO_Label
PF1.Signal=I2C2_SCL
SH.ADCx_IN8.ConfNb=1
ADC1.NbrOfConversion=13
RCC.IPParameters=48MHZClocksFreq_Value,AHBFreq_Value,APB1CLKDivider,APB1Freq_Value,APB1TimFreq_Value,APB2CLKDivider,APB2Freq_Value,APB2TimFreq_Value,CortexFreq_Value,EthernetFreq_Value,FCLKCortexFreq_Value,FamilyName,HCLKFreq_Value,HSE_VALUE,HSI_VALUE,I2SClocksFreq_Value,LSE_VALUE,LSI_VALUE,MCO2PinFreq_Value,PLLCLKFreq_Value,PLLM,PLLN,PLLQ,PLLQCLKFreq_Value,RTCFreq_Value,RTCHSEDivFreq_Value,SYSCLKFreq_VALUE,SYSCLKSource,VCOI2SOutputFreq_Value,VCOInputFreq_Value,VCOOutputFreq_Value,VcooutputI2S
Dma.ADC3.1.Mode=DMA_CIRCULAR
ProjectManager.AskForMigrate=true
Mcu.Name=STM32F407I(E-G)Tx
PE0.Signal=GPIO_Output
NVIC.SavedPendsvIrqHandlerGenerated=true
PA2.Signal=ADCx_IN2
Mcu.IP8=NVIC
ADC1.Channel-9\#ChannelRegularConversion=ADC_CHANNEL_2
Mcu.IP9=RCC
Mcu.IP6=I2C2
Mcu.IP7=I2C3
ProjectManager.CoupleFile=true
RCC.48MHZClocksFreq_Value=48000000
PB3.Signal=SYS_JTDO-SWO
RCC.SYSCLKFreq_VALUE=168000000
PA1.Locked=true
PA7.GPIO_Label=RESISTANCE_SENSOR_1
SH.GPXTI4.0=GPIO_EXTI4
PA12.Mode=Device_Only
ADC1.Rank-3\#ChannelRegularConversion=4
ADC1.SamplingTime-3\#ChannelRegularConversion=ADC_SAMPLETIME_480CYCLES
KeepUserPlacement=true
PC5.GPIO_Label=VOLTAGE_3V3
PB7.Mode=Asynchronous
NVIC.EXTI9_5_IRQn=true\:5\:0\:false\:false\:true\:true\:true\:true
PA14.Signal=SYS_JTCK-SWCLK
Dma.ADC1.0.MemInc=DMA_MINC_ENABLE
SH.ADCx_IN10.0=ADC3_IN10,IN10
PF0.Mode=I2C
ADC3.Channel-10\#ChannelRegularConversion=ADC_CHANNEL_6
PF6.GPIOParameters=GPIO_Label
SH.GPXTI4.ConfNb=1
RCC.HSI_VALUE=16000000
ADC1.Rank-7\#ChannelRegularConversion=8
PH2.Locked=true
RCC.PLLQ=7
ADC1.NbrOfConversionFlag=1
PH3.Signal=GPIO_Output
FATFS0.BSP.component=
RCC.PLLM=8
RCC.PLLN=168
ADC3.Rank-11\#ChannelRegularConversion=12
PB7.Locked=true
PB8.Signal=I2C1_SCL
PC9.Signal=SDIO_D1
ADC1.SamplingTime-7\#ChannelRegularConversion=ADC_SAMPLETIME_480CYCLES
RCC.APB1Freq_Value=42000000
ADC3.NbrOfConversionFlag=1
ADC1.ClockPrescaler=ADC_CLOCK_SYNC_PCLK_DIV4
PB11.Locked=true
ProjectManager.DeviceId=STM32F407IGTx
ProjectManager.LibraryCopy=1
PA3.GPIO_Label=VOLTAGE_VIN
PB1.GPIOParameters=GPIO_Label
PA7.Signal=ADCx_IN7
PF2.GPIO_Label=POWER_ON_LCD
PA6.Locked=true
isbadioc=false
